{
  "name": "machine-brain",
  "version": "1.0.0",
  "lockfileVersion": 3,
  "requires": true,
  "packages": {
    "": {
      "name": "machine-brain",
      "version": "1.0.0",
      "license": "MIT",
      "devDependencies": {
        "ajv": "8.20.0",
        "ajv-formats": "3.0.1"
      }
    },
    "node_modules/ajv": {
      "version": "8.20.0",
      "resolved": "file:node_modules/ajv",
      "integrity": "sha512-4a8cLZAo0+yOMIwJ4qkPIm0d/PnwCy+/F1zzJvRMXnFJLV0XgXlMiLr+SYgMOg4L2p7JO+7L9ZQE9b1ZxHgBw=="
    },
    "node_modules/ajv-formats": {
      "version": "3.0.1",
      "resolved": "file:node_modules/ajv-formats",
      "integrity": "sha512-8iUjetXUkC7jTKwaIkLFPLWM4i4ZY/xXWkjp9d4j4q7hgmDnDXWIANeK65F7AjV4KJystqJar349PIrsasXtFQ==",
      "peerDependencies": {
        "ajv": "^8"
      }
    }
  }
}